// !$*UTF8*$!
{
	archiveVersion = 1;
	classes = {
	};
	objectVersion = 55;
	objects = {

/* Begin PBXBuildFile section */
		3B28471A288E277100710F3B /* AppDelegate.swift in Sources */ = {isa = PBXBuildFile; fileRef = 3B284719288E277100710F3B /* AppDelegate.swift */; };
		3B28471C288E277100710F3B /* SceneDelegate.swift in Sources */ = {isa = PBXBuildFile; fileRef = 3B28471B288E277100710F3B /* SceneDelegate.swift */; };
		3B284723288E277300710F3B /* Assets.xcassets in Resources */ = {isa = PBXBuildFile; fileRef = 3B284722288E277300710F3B /* Assets.xcassets */; };
		3B284726288E277300710F3B /* LaunchScreen.storyboard in Resources */ = {isa = PBXBuildFile; fileRef = 3B284724288E277300710F3B /* LaunchScreen.storyboard */; };
		3B284731288E277300710F3B /* EmployeesListTests.swift in Sources */ = {isa = PBXBuildFile; fileRef = 3B284730288E277300710F3B /* EmployeesListTests.swift */; };
		3BEE874A288E2C8E007CB88F /* HomeViewController.swift in Sources */ = {isa = PBXBuildFile; fileRef = 3BEE8749288E2C8E007CB88F /* HomeViewController.swift */; };
		3BEE874E288E2DDC007CB88F /* AppCoordinator.swift in Sources */ = {isa = PBXBuildFile; fileRef = 3BEE874D288E2DDC007CB88F /* AppCoordinator.swift */; };
		3BEE8750288E2DEA007CB88F /* Coordinator.swift in Sources */ = {isa = PBXBuildFile; fileRef = 3BEE874F288E2DEA007CB88F /* Coordinator.swift */; };
		3BEE8753288E2E4B007CB88F /* HomeFactory.swift in Sources */ = {isa = PBXBuildFile; fileRef = 3BEE8752288E2E4B007CB88F /* HomeFactory.swift */; };
		3BEE8755288E3388007CB88F /* ApiClient.swift in Sources */ = {isa = PBXBuildFile; fileRef = 3BEE8754288E3388007CB88F /* ApiClient.swift */; };
		3BEE8758288E3422007CB88F /* Employee.swift in Sources */ = {isa = PBXBuildFile; fileRef = 3BEE8757288E3422007CB88F /* Employee.swift */; };
		3BEE875A288E3C5C007CB88F /* EmployeeResponse.swift in Sources */ = {isa = PBXBuildFile; fileRef = 3BEE8759288E3C5C007CB88F /* EmployeeResponse.swift */; };
		3BEE875E288E3CC5007CB88F /* HomeViewModel.swift in Sources */ = {isa = PBXBuildFile; fileRef = 3BEE875D288E3CC5007CB88F /* HomeViewModel.swift */; };
		3BEE8762288E3D02007CB88F /* HomeData.swift in Sources */ = {isa = PBXBuildFile; fileRef = 3BEE8761288E3D02007CB88F /* HomeData.swift */; };
		3BEE8764288E3D55007CB88F /* LoadEmployeesUseCase.swift in Sources */ = {isa = PBXBuildFile; fileRef = 3BEE8763288E3D55007CB88F /* LoadEmployeesUseCase.swift */; };
		3BEE8767288EDAE4007CB88F /* Observable.swift in Sources */ = {isa = PBXBuildFile; fileRef = 3BEE8766288EDAE4007CB88F /* Observable.swift */; };
		3BEE8769288EDCD3007CB88F /* EmployeesViewModel.swift in Sources */ = {isa = PBXBuildFile; fileRef = 3BEE8768288EDCD3007CB88F /* EmployeesViewModel.swift */; };
		3BEE876B288EE2B5007CB88F /* HomeCell.swift in Sources */ = {isa = PBXBuildFile; fileRef = 3BEE876A288EE2B5007CB88F /* HomeCell.swift */; };
/* End PBXBuildFile section */

/* Begin PBXContainerItemProxy section */
		3B28472D288E277300710F3B /* PBXContainerItemProxy */ = {
			isa = PBXContainerItemProxy;
			containerPortal = 3B28470E288E277100710F3B /* Project object */;
			proxyType = 1;
			remoteGlobalIDString = 3B284715288E277100710F3B;
			remoteInfo = EmployeesList;
		};
/* End PBXContainerItemProxy section */

/* Begin PBXFileReference section */
		3B284716288E277100710F3B /* EmployeesList.app */ = {isa = PBXFileReference; explicitFileType = wrapper.application; includeInIndex = 0; path = EmployeesList.app; sourceTree = BUILT_PRODUCTS_DIR; };
		3B284719288E277100710F3B /* AppDelegate.swift */ = {isa = PBXFileReference; lastKnownFileType = sourcecode.swift; path = AppDelegate.swift; sourceTree = "<group>"; };
		3B28471B288E277100710F3B /* SceneDelegate.swift */ = {isa = PBXFileReference; lastKnownFileType = sourcecode.swift; path = SceneDelegate.swift; sourceTree = "<group>"; };
		3B284722288E277300710F3B /* Assets.xcassets */ = {isa = PBXFileReference; lastKnownFileType = folder.assetcatalog; path = Assets.xcassets; sourceTree = "<group>"; };
		3B284725288E277300710F3B /* Base */ = {isa = PBXFileReference; lastKnownFileType = file.storyboard; name = Base; path = Base.lproj/LaunchScreen.storyboard; sourceTree = "<group>"; };
		3B284727288E277300710F3B /* Info.plist */ = {isa = PBXFileReference; lastKnownFileType = text.plist.xml; path = Info.plist; sourceTree = "<group>"; };
		3B28472C288E277300710F3B /* EmployeesListTests.xctest */ = {isa = PBXFileReference; explicitFileType = wrapper.cfbundle; includeInIndex = 0; path = EmployeesListTests.xctest; sourceTree = BUILT_PRODUCTS_DIR; };
		3B284730288E277300710F3B /* EmployeesListTests.swift */ = {isa = PBXFileReference; lastKnownFileType = sourcecode.swift; path = EmployeesListTests.swift; sourceTree = "<group>"; };
		3BEE8749288E2C8E007CB88F /* HomeViewController.swift */ = {isa = PBXFileReference; lastKnownFileType = sourcecode.swift; path = HomeViewController.swift; sourceTree = "<group>"; };
		3BEE874D288E2DDC007CB88F /* AppCoordinator.swift */ = {isa = PBXFileReference; lastKnownFileType = sourcecode.swift; path = AppCoordinator.swift; sourceTree = "<group>"; };
		3BEE874F288E2DEA007CB88F /* Coordinator.swift */ = {isa = PBXFileReference; lastKnownFileType = sourcecode.swift; path = Coordinator.swift; sourceTree = "<group>"; };
		3BEE8752288E2E4B007CB88F /* HomeFactory.swift */ = {isa = PBXFileReference; lastKnownFileType = sourcecode.swift; path = HomeFactory.swift; sourceTree = "<group>"; };
		3BEE8754288E3388007CB88F /* ApiClient.swift */ = {isa = PBXFileReference; lastKnownFileType = sourcecode.swift; path = ApiClient.swift; sourceTree = "<group>"; };
		3BEE8757288E3422007CB88F /* Employee.swift */ = {isa = PBXFileReference; lastKnownFileType = sourcecode.swift; path = Employee.swift; sourceTree = "<group>"; };
		3BEE8759288E3C5C007CB88F /* EmployeeResponse.swift */ = {isa = PBXFileReference; lastKnownFileType = sourcecode.swift; path = EmployeeResponse.swift; sourceTree = "<group>"; };
		3BEE875D288E3CC5007CB88F /* HomeViewModel.swift */ = {isa = PBXFileReference; lastKnownFileType = sourcecode.swift; path = HomeViewModel.swift; sourceTree = "<group>"; };
		3BEE8761288E3D02007CB88F /* HomeData.swift */ = {isa = PBXFileReference; lastKnownFileType = sourcecode.swift; path = HomeData.swift; sourceTree = "<group>"; };
		3BEE8763288E3D55007CB88F /* LoadEmployeesUseCase.swift */ = {isa = PBXFileReference; lastKnownFileType = sourcecode.swift; path = LoadEmployeesUseCase.swift; sourceTree = "<group>"; };
		3BEE8766288EDAE4007CB88F /* Observable.swift */ = {isa = PBXFileReference; lastKnownFileType = sourcecode.swift; path = Observable.swift; sourceTree = "<group>"; };
		3BEE8768288EDCD3007CB88F /* EmployeesViewModel.swift */ = {isa = PBXFileReference; lastKnownFileType = sourcecode.swift; path = EmployeesViewModel.swift; sourceTree = "<group>"; };
		3BEE876A288EE2B5007CB88F /* HomeCell.swift */ = {isa = PBXFileReference; lastKnownFileType = sourcecode.swift; path = HomeCell.swift; sourceTree = "<group>"; };
/* End PBXFileReference section */

/* Begin PBXFrameworksBuildPhase section */
		3B284713288E277100710F3B /* Frameworks */ = {
			isa = PBXFrameworksBuildPhase;
			buildActionMask = 2147483647;
			files = (
			);
			runOnlyForDeploymentPostprocessing = 0;
		};
		3B284729288E277300710F3B /* Frameworks */ = {
			isa = PBXFrameworksBuildPhase;
			buildActionMask = 2147483647;
			files = (
			);
			runOnlyForDeploymentPostprocessing = 0;
		};
/* End PBXFrameworksBuildPhase section */

/* Begin PBXGroup section */
		3B28470D288E277100710F3B = {
			isa = PBXGroup;
			children = (
				3B284718288E277100710F3B /* EmployeesList */,
				3B28472F288E277300710F3B /* EmployeesListTests */,
				3B284739288E277300710F3B /* EmployeesListUITests */,
				3B284717288E277100710F3B /* Products */,
			);
			sourceTree = "<group>";
		};
		3B284717288E277100710F3B /* Products */ = {
			isa = PBXGroup;
			children = (
				3B284716288E277100710F3B /* EmployeesList.app */,
				3B28472C288E277300710F3B /* EmployeesListTests.xctest */,
			);
			name = Products;
			sourceTree = "<group>";
		};
		3B284718288E277100710F3B /* EmployeesList */ = {
			isa = PBXGroup;
			children = (
				3B28474A288E278200710F3B /* App */,
				3B284749288E277B00710F3B /* System */,
				3B284727288E277300710F3B /* Info.plist */,
			);
			path = EmployeesList;
			sourceTree = "<group>";
		};
		3B28472F288E277300710F3B /* EmployeesListTests */ = {
			isa = PBXGroup;
			children = (
				3B284730288E277300710F3B /* EmployeesListTests.swift */,
			);
			path = EmployeesListTests;
			sourceTree = "<group>";
		};
		3B284739288E277300710F3B /* EmployeesListUITests */ = {
			isa = PBXGroup;
			children = (
			);
			path = EmployeesListUITests;
			sourceTree = "<group>";
		};
		3B284749288E277B00710F3B /* System */ = {
			isa = PBXGroup;
			children = (
				3B284719288E277100710F3B /* AppDelegate.swift */,
				3B28471B288E277100710F3B /* SceneDelegate.swift */,
			);
			path = System;
			sourceTree = "<group>";
		};
		3B28474A288E278200710F3B /* App */ = {
			isa = PBXGroup;
			children = (
				3BEE874C288E2DCA007CB88F /* Coordinator */,
				3BEE874B288E2DC3007CB88F /* Common */,
				3BEE8747288E293F007CB88F /* Networking */,
				3B28474C288E279300710F3B /* Modules */,
				3B28474B288E278C00710F3B /* Resources */,
			);
			path = App;
			sourceTree = "<group>";
		};
		3B28474B288E278C00710F3B /* Resources */ = {
			isa = PBXGroup;
			children = (
				3B284722288E277300710F3B /* Assets.xcassets */,
			);
			path = Resources;
			sourceTree = "<group>";
		};
		3B28474C288E279300710F3B /* Modules */ = {
			isa = PBXGroup;
			children = (
				3BEE8748288E2C69007CB88F /* Home */,
				3B28474D288E27A600710F3B /* LauchScreen */,
			);
			path = Modules;
			sourceTree = "<group>";
		};
		3B28474D288E27A600710F3B /* LauchScreen */ = {
			isa = PBXGroup;
			children = (
				3B284724288E277300710F3B /* LaunchScreen.storyboard */,
			);
			path = LauchScreen;
			sourceTree = "<group>";
		};
		3BEE8747288E293F007CB88F /* Networking */ = {
			isa = PBXGroup;
			children = (
				3BEE8754288E3388007CB88F /* ApiClient.swift */,
			);
			path = Networking;
			sourceTree = "<group>";
		};
		3BEE8748288E2C69007CB88F /* Home */ = {
			isa = PBXGroup;
			children = (
				3BEE8760288E3CF4007CB88F /* Data */,
				3BEE875F288E3CDA007CB88F /* Domain */,
				3BEE875C288E3CB2007CB88F /* Presentation */,
				3BEE8751288E2E36007CB88F /* Factories */,
			);
			path = Home;
			sourceTree = "<group>";
		};
		3BEE874B288E2DC3007CB88F /* Common */ = {
			isa = PBXGroup;
			children = (
				3BEE8765288EDAD7007CB88F /* Utilities */,
				3BEE8756288E33DF007CB88F /* Model */,
			);
			path = Common;
			sourceTree = "<group>";
		};
		3BEE874C288E2DCA007CB88F /* Coordinator */ = {
			isa = PBXGroup;
			children = (
				3BEE874D288E2DDC007CB88F /* AppCoordinator.swift */,
				3BEE874F288E2DEA007CB88F /* Coordinator.swift */,
			);
			path = Coordinator;
			sourceTree = "<group>";
		};
		3BEE8751288E2E36007CB88F /* Factories */ = {
			isa = PBXGroup;
			children = (
				3BEE8752288E2E4B007CB88F /* HomeFactory.swift */,
			);
			path = Factories;
			sourceTree = "<group>";
		};
		3BEE8756288E33DF007CB88F /* Model */ = {
			isa = PBXGroup;
			children = (
				3BEE8757288E3422007CB88F /* Employee.swift */,
				3BEE8759288E3C5C007CB88F /* EmployeeResponse.swift */,
			);
			path = Model;
			sourceTree = "<group>";
		};
		3BEE875B288E3CA0007CB88F /* UseCases */ = {
			isa = PBXGroup;
			children = (
				3BEE8763288E3D55007CB88F /* LoadEmployeesUseCase.swift */,
			);
			path = UseCases;
			sourceTree = "<group>";
		};
		3BEE875C288E3CB2007CB88F /* Presentation */ = {
			isa = PBXGroup;
			children = (
				3BEE8749288E2C8E007CB88F /* HomeViewController.swift */,
				3BEE875D288E3CC5007CB88F /* HomeViewModel.swift */,
				3BEE8768288EDCD3007CB88F /* EmployeesViewModel.swift */,
				3BEE876A288EE2B5007CB88F /* HomeCell.swift */,
			);
			path = Presentation;
			sourceTree = "<group>";
		};
		3BEE875F288E3CDA007CB88F /* Domain */ = {
			isa = PBXGroup;
			children = (
				3BEE875B288E3CA0007CB88F /* UseCases */,
			);
			path = Domain;
			sourceTree = "<group>";
		};
		3BEE8760288E3CF4007CB88F /* Data */ = {
			isa = PBXGroup;
			children = (
				3BEE8761288E3D02007CB88F /* HomeData.swift */,
			);
			path = Data;
			sourceTree = "<group>";
		};
		3BEE8765288EDAD7007CB88F /* Utilities */ = {
			isa = PBXGroup;
			children = (
				3BEE8766288EDAE4007CB88F /* Observable.swift */,
			);
			path = Utilities;
			sourceTree = "<group>";
		};
/* End PBXGroup section */

/* Begin PBXNativeTarget section */
		3B284715288E277100710F3B /* EmployeesList */ = {
			isa = PBXNativeTarget;
			buildConfigurationList = 3B284740288E277300710F3B /* Build configuration list for PBXNativeTarget "EmployeesList" */;
			buildPhases = (
				3B284712288E277100710F3B /* Sources */,
				3B284713288E277100710F3B /* Frameworks */,
				3B284714288E277100710F3B /* Resources */,
			);
			buildRules = (
			);
			dependencies = (
			);
			name = EmployeesList;
			productName = EmployeesList;
			productReference = 3B284716288E277100710F3B /* EmployeesList.app */;
			productType = "com.apple.product-type.application";
		};
		3B28472B288E277300710F3B /* EmployeesListTests */ = {
			isa = PBXNativeTarget;
			buildConfigurationList = 3B284743288E277300710F3B /* Build configuration list for PBXNativeTarget "EmployeesListTests" */;
			buildPhases = (
				3B284728288E277300710F3B /* Sources */,
				3B284729288E277300710F3B /* Frameworks */,
				3B28472A288E277300710F3B /* Resources */,
			);
			buildRules = (
			);
			dependencies = (
				3B28472E288E277300710F3B /* PBXTargetDependency */,
			);
			name = EmployeesListTests;
			productName = EmployeesListTests;
			productReference = 3B28472C288E277300710F3B /* EmployeesListTests.xctest */;
			productType = "com.apple.product-type.bundle.unit-test";
		};
/* End PBXNativeTarget section */

/* Begin PBXProject section */
		3B28470E288E277100710F3B /* Project object */ = {
			isa = PBXProject;
			attributes = {
				BuildIndependentTargetsInParallel = 1;
				LastSwiftUpdateCheck = 1330;
				LastUpgradeCheck = 1330;
				TargetAttributes = {
					3B284715288E277100710F3B = {
						CreatedOnToolsVersion = 13.3;
					};
					3B28472B288E277300710F3B = {
						CreatedOnToolsVersion = 13.3;
						TestTargetID = 3B284715288E277100710F3B;
					};
				};
			};
			buildConfigurationList = 3B284711288E277100710F3B /* Build configuration list for PBXProject "EmployeesList" */;
			compatibilityVersion = "Xcode 13.0";
			developmentRegion = en;
			hasScannedForEncodings = 0;
			knownRegions = (
				en,
				Base,
			);
			mainGroup = 3B28470D288E277100710F3B;
			productRefGroup = 3B284717288E277100710F3B /* Products */;
			projectDirPath = "";
			projectRoot = "";
			targets = (
				3B284715288E277100710F3B /* EmployeesList */,
				3B28472B288E277300710F3B /* EmployeesListTests */,
			);
		};
/* End PBXProject section */

/* Begin PBXResourcesBuildPhase section */
		3B284714288E277100710F3B /* Resources */ = {
			isa = PBXResourcesBuildPhase;
			buildActionMask = 2147483647;
			files = (
				3B284726288E277300710F3B /* LaunchScreen.storyboard in Resources */,
				3B284723288E277300710F3B /* Assets.xcassets in Resources */,
			);
			runOnlyForDeploymentPostprocessing = 0;
		};
		3B28472A288E277300710F3B /* Resources */ = {
			isa = PBXResourcesBuildPhase;
			buildActionMask = 2147483647;
			files = (
			);
			runOnlyForDeploymentPostprocessing = 0;
		};
/* End PBXResourcesBuildPhase section */

/* Begin PBXSourcesBuildPhase section */
		3B284712288E277100710F3B /* Sources */ = {
			isa = PBXSourcesBuildPhase;
			buildActionMask = 2147483647;
			files = (
				3BEE8767288EDAE4007CB88F /* Observable.swift in Sources */,
				3BEE8755288E3388007CB88F /* ApiClient.swift in Sources */,
				3BEE8758288E3422007CB88F /* Employee.swift in Sources */,
				3BEE874E288E2DDC007CB88F /* AppCoordinator.swift in Sources */,
				3BEE876B288EE2B5007CB88F /* HomeCell.swift in Sources */,
				3BEE875E288E3CC5007CB88F /* HomeViewModel.swift in Sources */,
				3B28471A288E277100710F3B /* AppDelegate.swift in Sources */,
				3BEE8764288E3D55007CB88F /* LoadEmployeesUseCase.swift in Sources */,
				3BEE8750288E2DEA007CB88F /* Coordinator.swift in Sources */,
				3B28471C288E277100710F3B /* SceneDelegate.swift in Sources */,
				3BEE874A288E2C8E007CB88F /* HomeViewController.swift in Sources */,
				3BEE8769288EDCD3007CB88F /* EmployeesViewModel.swift in Sources */,
				3BEE875A288E3C5C007CB88F /* EmployeeResponse.swift in Sources */,
				3BEE8753288E2E4B007CB88F /* HomeFactory.swift in Sources */,
				3BEE8762288E3D02007CB88F /* HomeData.swift in Sources */,
			);
			runOnlyForDeploymentPostprocessing = 0;
		};
		3B284728288E277300710F3B /* Sources */ = {
			isa = PBXSourcesBuildPhase;
			buildActionMask = 2147483647;
			files = (
				3B284731288E277300710F3B /* EmployeesListTests.swift in Sources */,
			);
			runOnlyForDeploymentPostprocessing = 0;
		};
/* End PBXSourcesBuildPhase section */

/* Begin PBXTargetDependency section */
		3B28472E288E277300710F3B /* PBXTargetDependency */ = {
			isa = PBXTargetDependency;
			target = 3B284715288E277100710F3B /* EmployeesList */;
			targetProxy = 3B28472D288E277300710F3B /* PBXContainerItemProxy */;
		};
/* End PBXTargetDependency section */

/* Begin PBXVariantGroup section */
		3B284724288E277300710F3B /* LaunchScreen.storyboard */ = {
			isa = PBXVariantGroup;
			children = (
				3B284725288E277300710F3B /* Base */,
			);
			name = LaunchScreen.storyboard;
			sourceTree = "<group>";
		};
/* End PBXVariantGroup section */

/* Begin XCBuildConfiguration section */
		3B28473E288E277300710F3B /* Debug */ = {
			isa = XCBuildConfiguration;
			buildSettings = {
				ALWAYS_SEARCH_USER_PATHS = NO;
				CLANG_ANALYZER_NONNULL = YES;
				CLANG_ANALYZER_NUMBER_OBJECT_CONVERSION = YES_AGGRESSIVE;
				CLANG_CXX_LANGUAGE_STANDARD = "gnu++17";
				CLANG_ENABLE_MODULES = YES;
				CLANG_ENABLE_OBJC_ARC = YES;
				CLANG_ENABLE_OBJC_WEAK = YES;
				CLANG_WARN_BLOCK_CAPTURE_AUTORELEASING = YES;
				CLANG_WARN_BOOL_CONVERSION = YES;
				CLANG_WARN_COMMA = YES;
				CLANG_WARN_CONSTANT_CONVERSION = YES;
				CLANG_WARN_DEPRECATED_OBJC_IMPLEMENTATIONS = YES;
				CLANG_WARN_DIRECT_OBJC_ISA_USAGE = YES_ERROR;
				CLANG_WARN_DOCUMENTATION_COMMENTS = YES;
				CLANG_WARN_EMPTY_BODY = YES;
				CLANG_WARN_ENUM_CONVERSION = YES;
				CLANG_WARN_INFINITE_RECURSION = YES;
				CLANG_WARN_INT_CONVERSION = YES;
				CLANG_WARN_NON_LITERAL_NULL_CONVERSION = YES;
				CLANG_WARN_OBJC_IMPLICIT_RETAIN_SELF = YES;
				CLANG_WARN_OBJC_LITERAL_CONVERSION = YES;
				CLANG_WARN_OBJC_ROOT_CLASS = YES_ERROR;
				CLANG_WARN_QUOTED_INCLUDE_IN_FRAMEWORK_HEADER = YES;
				CLANG_WARN_RANGE_LOOP_ANALYSIS = YES;
				CLANG_WARN_STRICT_PROTOTYPES = YES;
				CLANG_WARN_SUSPICIOUS_MOVE = YES;
				CLANG_WARN_UNGUARDED_AVAILABILITY = YES_AGGRESSIVE;
				CLANG_WARN_UNREACHABLE_CODE = YES;
				CLANG_WARN__DUPLICATE_METHOD_MATCH = YES;
				COPY_PHASE_STRIP = NO;
				DEBUG_INFORMATION_FORMAT = dwarf;
				ENABLE_STRICT_OBJC_MSGSEND = YES;
				ENABLE_TESTABILITY = YES;
				GCC_C_LANGUAGE_STANDARD = gnu11;
				GCC_DYNAMIC_NO_PIC = NO;
				GCC_NO_COMMON_BLOCKS = YES;
				GCC_OPTIMIZATION_LEVEL = 0;
				GCC_PREPROCESSOR_DEFINITIONS = (
					"DEBUG=1",
					"$(inherited)",
				);
				GCC_WARN_64_TO_32_BIT_CONVERSION = YES;
				GCC_WARN_ABOUT_RETURN_TYPE = YES_ERROR;
				GCC_WARN_UNDECLARED_SELECTOR = YES;
				GCC_WARN_UNINITIALIZED_AUTOS = YES_AGGRESSIVE;
				GCC_WARN_UNUSED_FUNCTION = YES;
				GCC_WARN_UNUSED_VARIABLE = YES;
				IPHONEOS_DEPLOYMENT_TARGET = 15.4;
				MTL_ENABLE_DEBUG_INFO = INCLUDE_SOURCE;
				MTL_FAST_MATH = YES;
				ONLY_ACTIVE_ARCH = YES;
				SDKROOT = iphoneos;
				SWIFT_ACTIVE_COMPILATION_CONDITIONS = DEBUG;
				SWIFT_OPTIMIZATION_LEVEL = "-Onone";
			};
			name = Debug;
		};
		3B28473F288E277300710F3B /* Release */ = {
			isa = XCBuildConfiguration;
			buildSettings = {
				ALWAYS_SEARCH_USER_PATHS = NO;
				CLANG_ANALYZER_NONNULL = YES;
				CLANG_ANALYZER_NUMBER_OBJECT_CONVERSION = YES_AGGRESSIVE;
				CLANG_CXX_LANGUAGE_STANDARD = "gnu++17";
				CLANG_ENABLE_MODULES = YES;
				CLANG_ENABLE_OBJC_ARC = YES;
				CLANG_ENABLE_OBJC_WEAK = YES;
				CLANG_WARN_BLOCK_CAPTURE_AUTORELEASING = YES;
				CLANG_WARN_BOOL_CONVERSION = YES;
				CLANG_WARN_COMMA = YES;
				CLANG_WARN_CONSTANT_CONVERSION = YES;
				CLANG_WARN_DEPRECATED_OBJC_IMPLEMENTATIONS = YES;
				CLANG_WARN_DIRECT_OBJC_ISA_USAGE = YES_ERROR;
				CLANG_WARN_DOCUMENTATION_COMMENTS = YES;
				CLANG_WARN_EMPTY_BODY = YES;
				CLANG_WARN_ENUM_CONVERSION = YES;
				CLANG_WARN_INFINITE_RECURSION = YES;
				CLANG_WARN_INT_CONVERSION = YES;
				CLANG_WARN_NON_LITERAL_NULL_CONVERSION = YES;
				CLANG_WARN_OBJC_IMPLICIT_RETAIN_SELF = YES;
				CLANG_WARN_OBJC_LITERAL_CONVERSION = YES;
				CLANG_WARN_OBJC_ROOT_CLASS = YES_ERROR;
				CLANG_WARN_QUOTED_INCLUDE_IN_FRAMEWORK_HEADER = YES;
				CLANG_WARN_RANGE_LOOP_ANALYSIS = YES;
				CLANG_WARN_STRICT_PROTOTYPES = YES;
				CLANG_WARN_SUSPICIOUS_MOVE = YES;
				CLANG_WARN_UNGUARDED_AVAILABILITY = YES_AGGRESSIVE;
				CLANG_WARN_UNREACHABLE_CODE = YES;
				CLANG_WARN__DUPLICATE_METHOD_MATCH = YES;
				COPY_PHASE_STRIP = NO;
				DEBUG_INFORMATION_FORMAT = "dwarf-with-dsym";
				ENABLE_NS_ASSERTIONS = NO;
				ENABLE_STRICT_OBJC_MSGSEND = YES;
				GCC_C_LANGUAGE_STANDARD = gnu11;
				GCC_NO_COMMON_BLOCKS = YES;
				GCC_WARN_64_TO_32_BIT_CONVERSION = YES;
				GCC_WARN_ABOUT_RETURN_TYPE = YES_ERROR;
				GCC_WARN_UNDECLARED_SELECTOR = YES;
				GCC_WARN_UNINITIALIZED_AUTOS = YES_AGGRESSIVE;
				GCC_WARN_UNUSED_FUNCTION = YES;
				GCC_WARN_UNUSED_VARIABLE = YES;
				IPHONEOS_DEPLOYMENT_TARGET = 15.4;
				MTL_ENABLE_DEBUG_INFO = NO;
				MTL_FAST_MATH = YES;
				SDKROOT = iphoneos;
				SWIFT_COMPILATION_MODE = wholemodule;
				SWIFT_OPTIMIZATION_LEVEL = "-O";
				VALIDATE_PRODUCT = YES;
			};
			name = Release;
		};
		3B284741288E277300710F3B /* Debug */ = {
			isa = XCBuildConfiguration;
			buildSettings = {
				ASSETCATALOG_COMPILER_APPICON_NAME = AppIcon;
				ASSETCATALOG_COMPILER_GLOBAL_ACCENT_COLOR_NAME = AccentColor;
				CODE_SIGN_STYLE = Automatic;
				CURRENT_PROJECT_VERSION = 1;
				DEVELOPMENT_TEAM = TNSM43P2F3;
				GENERATE_INFOPLIST_FILE = YES;
				INFOPLIST_FILE = EmployeesList/Info.plist;
				INFOPLIST_KEY_UIApplicationSupportsIndirectInputEvents = YES;
				INFOPLIST_KEY_UILaunchStoryboardName = LaunchScreen;
				INFOPLIST_KEY_UISupportedInterfaceOrientations_iPad = "UIInterfaceOrientationPortrait UIInterfaceOrientationPortraitUpsideDown UIInterfaceOrientationLandscapeLeft UIInterfaceOrientationLandscapeRight";
				INFOPLIST_KEY_UISupportedInterfaceOrientations_iPhone = "UIInterfaceOrientationPortrait UIInterfaceOrientationLandscapeLeft UIInterfaceOrientationLandscapeRight";
				LD_RUNPATH_SEARCH_PATHS = (
					"$(inherited)",
					"@executable_path/Frameworks",
				);
				MARKETING_VERSION = 1.0;
				PRODUCT_BUNDLE_IDENTIFIER = com.javiercueto.EmployeesList;
				PRODUCT_NAME = "$(TARGET_NAME)";
				SWIFT_EMIT_LOC_STRINGS = YES;
				SWIFT_VERSION = 5.0;
				TARGETED_DEVICE_FAMILY = "1,2";
			};
			name = Debug;
		};
		3B284742288E277300710F3B /* Release */ = {
			isa = XCBuildConfiguration;
			buildSettings = {
				ASSETCATALOG_COMPILER_APPICON_NAME = AppIcon;
				ASSETCATALOG_COMPILER_GLOBAL_ACCENT_COLOR_NAME = AccentColor;
				CODE_SIGN_STYLE = Automatic;
				CURRENT_PROJECT_VERSION = 1;
				DEVELOPMENT_TEAM = TNSM43P2F3;
				GENERATE_INFOPLIST_FILE = YES;
				INFOPLIST_FILE = EmployeesList/Info.plist;
				INFOPLIST_KEY_UIApplicationSupportsIndirectInputEvents = YES;
				INFOPLIST_KEY_UILaunchStoryboardName = LaunchScreen;
				INFOPLIST_KEY_UISupportedInterfaceOrientations_iPad = "UIInterfaceOrientationPortrait UIInterfaceOrientationPortraitUpsideDown UIInterfaceOrientationLandscapeLeft UIInterfaceOrientationLandscapeRight";
				INFOPLIST_KEY_UISupportedInterfaceOrientations_iPhone = "UIInterfaceOrientationPortrait UIInterfaceOrientationLandscapeLeft UIInterfaceOrientationLandscapeRight";
				LD_RUNPATH_SEARCH_PATHS = (
					"$(inherited)",
					"@executable_path/Frameworks",
				);
				MARKETING_VERSION = 1.0;
				PRODUCT_BUNDLE_IDENTIFIER = com.javiercueto.EmployeesList;
				PRODUCT_NAME = "$(TARGET_NAME)";
				SWIFT_EMIT_LOC_STRINGS = YES;
				SWIFT_VERSION = 5.0;
				TARGETED_DEVICE_FAMILY = "1,2";
			};
			name = Release;
		};
		3B284744288E277300710F3B /* Debug */ = {
			isa = XCBuildConfiguration;
			buildSettings = {
				ALWAYS_EMBED_SWIFT_STANDARD_LIBRARIES = YES;
				BUNDLE_LOADER = "$(TEST_HOST)";
				CODE_SIGN_STYLE = Automatic;
				CURRENT_PROJECT_VERSION = 1;
				DEVELOPMENT_TEAM = TNSM43P2F3;
				GENERATE_INFOPLIST_FILE = YES;
				IPHONEOS_DEPLOYMENT_TARGET = 15.4;
				MARKETING_VERSION = 1.0;
				PRODUCT_BUNDLE_IDENTIFIER = com.javiercueto.EmployeesListTests;
				PRODUCT_NAME = "$(TARGET_NAME)";
				SWIFT_EMIT_LOC_STRINGS = NO;
				SWIFT_VERSION = 5.0;
				TARGETED_DEVICE_FAMILY = "1,2";
				TEST_HOST = "$(BUILT_PRODUCTS_DIR)/EmployeesList.app/EmployeesList";
			};
			name = Debug;
		};
		3B284745288E277300710F3B /* Release */ = {
			isa = XCBuildConfiguration;
			buildSettings = {
				ALWAYS_EMBED_SWIFT_STANDARD_LIBRARIES = YES;
				BUNDLE_LOADER = "$(TEST_HOST)";
				CODE_SIGN_STYLE = Automatic;
				CURRENT_PROJECT_VERSION = 1;
				DEVELOPMENT_TEAM = TNSM43P2F3;
				GENERATE_INFOPLIST_FILE = YES;
				IPHONEOS_DEPLOYMENT_TARGET = 15.4;
				MARKETING_VERSION = 1.0;
				PRODUCT_BUNDLE_IDENTIFIER = com.javiercueto.EmployeesListTests;
				PRODUCT_NAME = "$(TARGET_NAME)";
				SWIFT_EMIT_LOC_STRINGS = NO;
				SWIFT_VERSION = 5.0;
				TARGETED_DEVICE_FAMILY = "1,2";
				TEST_HOST = "$(BUILT_PRODUCTS_DIR)/EmployeesList.app/EmployeesList";
			};
			name = Release;
		};
/* End XCBuildConfiguration section */

/* Begin XCConfigurationList section */
		3B284711288E277100710F3B /* Build configuration list for PBXProject "EmployeesList" */ = {
			isa = XCConfigurationList;
			buildConfigurations = (
				3B28473E288E277300710F3B /* Debug */,
				3B28473F288E277300710F3B /* Release */,
			);
			defaultConfigurationIsVisible = 0;
			defaultConfigurationName = Release;
		};
		3B284740288E277300710F3B /* Build configuration list for PBXNativeTarget "EmployeesList" */ = {
			isa = XCConfigurationList;
			buildConfigurations = (
				3B284741288E277300710F3B /* Debug */,
				3B284742288E277300710F3B /* Release */,
			);
			defaultConfigurationIsVisible = 0;
			defaultConfigurationName = Release;
		};
		3B284743288E277300710F3B /* Build configuration list for PBXNativeTarget "EmployeesListTests" */ = {
			isa = XCConfigurationList;
			buildConfigurations = (
				3B284744288E277300710F3B /* Debug */,
				3B284745288E277300710F3B /* Release */,
			);
			defaultConfigurationIsVisible = 0;
			defaultConfigurationName = Release;
		};
/* End XCConfigurationList section */
	};
	rootObject = 3B28470E288E277100710F3B /* Project object */;
}
